PODS:
  - Alamofire (3.2.1)
  - RxSwift (2.3.0)
  - SwiftyJSON (2.3.0)

DEPENDENCIES:
  - Alamofire (= 3.2.1)
  - RxSwift (= 2.3.0)
  - SwiftyJSON (= 2.3.0)

SPEC CHECKSUMS:
  Alamofire: f11d8624a05f5d39e0c99309b3e600a3ba64298a
  RxSwift: 0df59cc5edf28a31dbf83b049220b4b8e76b07c8
  SwiftyJSON: 8d6b61a70277ef2a5d710d372e06e7e2d87fb9e4

COCOAPODS: 0.39.0
